{
  "name": "docs",
  "lockfileVersion": 3,
  "requires": true,
  "packages": {
    "": {
      "dependencies": {
        "docsify-mermaid": "^2.0.1"
      }
    },
    "node_modules/docsify-mermaid": {
      "version": "2.0.1",
      "resolved": "https://registry.npmjs.org/docsify-mermaid/-/docsify-mermaid-2.0.1.tgz",
      "integrity": "sha512-Ikaf/+uox/kQ2SqQuXXPKSlZeSoAU4clmsyI6ygGxQ5UAVq1cVfTwjWGovCcuc0vi7xl4V67Yy8XFy7Gdur9SA=="
    }
  }
}
